
Microsoft Visual Studio Solution File, Format Version 12.00
# Visual Studio Version 16
VisualStudioVersion = 16.0.30320.27
MinimumVisualStudioVersion = 10.0.40219.1
Project("{FAE04EC0-301F-11D3-BF4B-00C04F79EFBC}") = "AtlanticCovidTracker.Client", "AtlanticCovidTracker.Client\AtlanticCovidTracker.Client.csproj", "{70CCC43B-EB8C-44B8-83EB-F9B3A1656F9D}"
EndProject
Project("{FAE04EC0-301F-11D3-BF4B-00C04F79EFBC}") = "AtlanticCovidTracker.Client.Tests", "AtlanticCovidTracker.Client.Tests\AtlanticCovidTracker.Client.Tests.csproj", "{243A43ED-EFA7-47D9-AD3E-8C6A49AE3DDA}"
EndProject
Project("{FAE04EC0-301F-11D3-BF4B-00C04F79EFBC}") = "AtlanticCovidTracker.Web", "AtlanticCovidTracker.Web\AtlanticCovidTracker.Web.csproj", "{1F1A6DAF-79C6-4126-90F7-00490571709D}"
EndProject
Global
	GlobalSection(SolutionConfigurationPlatforms) = preSolution
		Debug|Any CPU = Debug|Any CPU
		Release|Any CPU = Release|Any CPU
	EndGlobalSection
	GlobalSection(ProjectConfigurationPlatforms) = postSolution
		{70CCC43B-EB8C-44B8-83EB-F9B3A1656F9D}.Debug|Any CPU.ActiveCfg = Debug|Any CPU
		{70CCC43B-EB8C-44B8-83EB-F9B3A1656F9D}.Debug|Any CPU.Build.0 = Debug|Any CPU
		{70CCC43B-EB8C-44B8-83EB-F9B3A1656F9D}.Release|Any CPU.ActiveCfg = Release|Any CPU
		{70CCC43B-EB8C-44B8-83EB-F9B3A1656F9D}.Release|Any CPU.Build.0 = Release|Any CPU
		{243A43ED-EFA7-47D9-AD3E-8C6A49AE3DDA}.Debug|Any CPU.ActiveCfg = Debug|Any CPU
		{243A43ED-EFA7-47D9-AD3E-8C6A49AE3DDA}.Debug|Any CPU.Build.0 = Debug|Any CPU
		{243A43ED-EFA7-47D9-AD3E-8C6A49AE3DDA}.Release|Any CPU.ActiveCfg = Release|Any CPU
		{243A43ED-EFA7-47D9-AD3E-8C6A49AE3DDA}.Release|Any CPU.Build.0 = Release|Any CPU
		{1F1A6DAF-79C6-4126-90F7-00490571709D}.Debug|Any CPU.ActiveCfg = Debug|Any CPU
		{1F1A6DAF-79C6-4126-90F7-00490571709D}.Debug|Any CPU.Build.0 = Debug|Any CPU
		{1F1A6DAF-79C6-4126-90F7-00490571709D}.Release|Any CPU.ActiveCfg = Release|Any CPU
		{1F1A6DAF-79C6-4126-90F7-00490571709D}.Release|Any CPU.Build.0 = Release|Any CPU
	EndGlobalSection
	GlobalSection(SolutionProperties) = preSolution
		HideSolutionNode = FALSE
	EndGlobalSection
	GlobalSection(ExtensibilityGlobals) = postSolution
		SolutionGuid = {AF429128-AEF9-47DB-830F-CBB63B9B07F6}
	EndGlobalSection
EndGlobal
